// !$*UTF8*$!
{
	archiveVersion = 1;
	classes = {
	};
	objectVersion = 55;
	objects = {

/* Begin PBXBuildFile section */
		1E45B570286057D300286610 /* AppDelegate.swift in Sources */ = {isa = PBXBuildFile; fileRef = 1E45B56F286057D300286610 /* AppDelegate.swift */; };
		1E45B572286057D300286610 /* SceneDelegate.swift in Sources */ = {isa = PBXBuildFile; fileRef = 1E45B571286057D300286610 /* SceneDelegate.swift */; };
		1E45B574286057D300286610 /* ViewController.swift in Sources */ = {isa = PBXBuildFile; fileRef = 1E45B573286057D300286610 /* ViewController.swift */; };
		1E45B577286057D300286610 /* Main.storyboard in Resources */ = {isa = PBXBuildFile; fileRef = 1E45B575286057D300286610 /* Main.storyboard */; };
		1E45B579286057D500286610 /* Assets.xcassets in Resources */ = {isa = PBXBuildFile; fileRef = 1E45B578286057D500286610 /* Assets.xcassets */; };
		1E45B57C286057D500286610 /* LaunchScreen.storyboard in Resources */ = {isa = PBXBuildFile; fileRef = 1E45B57A286057D500286610 /* LaunchScreen.storyboard */; };
		1E45B58428605A6200286610 /* FeedVisitor.swift in Sources */ = {isa = PBXBuildFile; fileRef = 1E45B58328605A6200286610 /* FeedVisitor.swift */; };
		1E45B58728605C0D00286610 /* PlainTextFeedViewObject.swift in Sources */ = {isa = PBXBuildFile; fileRef = 1E45B58628605C0D00286610 /* PlainTextFeedViewObject.swift */; };
		1E45B58B28605C3200286610 /* PlainTextFeedTableViewCell.swift in Sources */ = {isa = PBXBuildFile; fileRef = 1E45B58928605C3200286610 /* PlainTextFeedTableViewCell.swift */; };
		1E45B58E28605C4C00286610 /* MediaFeedViewObject.swift in Sources */ = {isa = PBXBuildFile; fileRef = 1E45B58D28605C4C00286610 /* MediaFeedViewObject.swift */; };
		1E45B59128605C6000286610 /* MediaFeedTableViewCell.swift in Sources */ = {isa = PBXBuildFile; fileRef = 1E45B58F28605C6000286610 /* MediaFeedTableViewCell.swift */; };
		1E45B59428605CEF00286610 /* MemoriesFeedViewObject.swift in Sources */ = {isa = PBXBuildFile; fileRef = 1E45B59328605CEF00286610 /* MemoriesFeedViewObject.swift */; };
		1E45B59728605D0000286610 /* MemoriesFeedTableViewCell.swift in Sources */ = {isa = PBXBuildFile; fileRef = 1E45B59528605D0000286610 /* MemoriesFeedTableViewCell.swift */; };
		1E45B59A28605D3400286610 /* FeedViewObject.swift in Sources */ = {isa = PBXBuildFile; fileRef = 1E45B59928605D3400286610 /* FeedViewObject.swift */; };
		1E45B59C2860604C00286610 /* FeedCellVisitor.swift in Sources */ = {isa = PBXBuildFile; fileRef = 1E45B59B2860604C00286610 /* FeedCellVisitor.swift */; };
		1E45B59E2860614100286610 /* FeedCellHeightVisitor.swift in Sources */ = {isa = PBXBuildFile; fileRef = 1E45B59D2860614100286610 /* FeedCellHeightVisitor.swift */; };
		1E45B5A02860A32E00286610 /* FeedCellConfiguratorVisitor.swift in Sources */ = {isa = PBXBuildFile; fileRef = 1E45B59F2860A32E00286610 /* FeedCellConfiguratorVisitor.swift */; };
/* End PBXBuildFile section */

/* Begin PBXFileReference section */
		1E45B56C286057D300286610 /* VisitorPatternInTableView.app */ = {isa = PBXFileReference; explicitFileType = wrapper.application; includeInIndex = 0; path = VisitorPatternInTableView.app; sourceTree = BUILT_PRODUCTS_DIR; };
		1E45B56F286057D300286610 /* AppDelegate.swift */ = {isa = PBXFileReference; lastKnownFileType = sourcecode.swift; path = AppDelegate.swift; sourceTree = "<group>"; };
		1E45B571286057D300286610 /* SceneDelegate.swift */ = {isa = PBXFileReference; lastKnownFileType = sourcecode.swift; path = SceneDelegate.swift; sourceTree = "<group>"; };
		1E45B573286057D300286610 /* ViewController.swift */ = {isa = PBXFileReference; lastKnownFileType = sourcecode.swift; path = ViewController.swift; sourceTree = "<group>"; };
		1E45B576286057D300286610 /* Base */ = {isa = PBXFileReference; lastKnownFileType = file.storyboard; name = Base; path = Base.lproj/Main.storyboard; sourceTree = "<group>"; };
		1E45B578286057D500286610 /* Assets.xcassets */ = {isa = PBXFileReference; lastKnownFileType = folder.assetcatalog; path = Assets.xcassets; sourceTree = "<group>"; };
		1E45B57B286057D500286610 /* Base */ = {isa = PBXFileReference; lastKnownFileType = file.storyboard; name = Base; path = Base.lproj/LaunchScreen.storyboard; sourceTree = "<group>"; };
		1E45B57D286057D500286610 /* Info.plist */ = {isa = PBXFileReference; lastKnownFileType = text.plist.xml; path = Info.plist; sourceTree = "<group>"; };
		1E45B58328605A6200286610 /* FeedVisitor.swift */ = {isa = PBXFileReference; lastKnownFileType = sourcecode.swift; path = FeedVisitor.swift; sourceTree = "<group>"; };
		1E45B58628605C0D00286610 /* PlainTextFeedViewObject.swift */ = {isa = PBXFileReference; lastKnownFileType = sourcecode.swift; path = PlainTextFeedViewObject.swift; sourceTree = "<group>"; };
		1E45B58928605C3200286610 /* PlainTextFeedTableViewCell.swift */ = {isa = PBXFileReference; lastKnownFileType = sourcecode.swift; path = PlainTextFeedTableViewCell.swift; sourceTree = "<group>"; };
		1E45B58D28605C4C00286610 /* MediaFeedViewObject.swift */ = {isa = PBXFileReference; lastKnownFileType = sourcecode.swift; path = MediaFeedViewObject.swift; sourceTree = "<group>"; };
		1E45B58F28605C6000286610 /* MediaFeedTableViewCell.swift */ = {isa = PBXFileReference; lastKnownFileType = sourcecode.swift; path = MediaFeedTableViewCell.swift; sourceTree = "<group>"; };
		1E45B59328605CEF00286610 /* MemoriesFeedViewObject.swift */ = {isa = PBXFileReference; lastKnownFileType = sourcecode.swift; path = MemoriesFeedViewObject.swift; sourceTree = "<group>"; };
		1E45B59528605D0000286610 /* MemoriesFeedTableViewCell.swift */ = {isa = PBXFileReference; lastKnownFileType = sourcecode.swift; path = MemoriesFeedTableViewCell.swift; sourceTree = "<group>"; };
		1E45B59928605D3400286610 /* FeedViewObject.swift */ = {isa = PBXFileReference; lastKnownFileType = sourcecode.swift; path = FeedViewObject.swift; sourceTree = "<group>"; };
		1E45B59B2860604C00286610 /* FeedCellVisitor.swift */ = {isa = PBXFileReference; lastKnownFileType = sourcecode.swift; path = FeedCellVisitor.swift; sourceTree = "<group>"; };
		1E45B59D2860614100286610 /* FeedCellHeightVisitor.swift */ = {isa = PBXFileReference; lastKnownFileType = sourcecode.swift; path = FeedCellHeightVisitor.swift; sourceTree = "<group>"; };
		1E45B59F2860A32E00286610 /* FeedCellConfiguratorVisitor.swift */ = {isa = PBXFileReference; lastKnownFileType = sourcecode.swift; path = FeedCellConfiguratorVisitor.swift; sourceTree = "<group>"; };
/* End PBXFileReference section */

/* Begin PBXFrameworksBuildPhase section */
		1E45B569286057D300286610 /* Frameworks */ = {
			isa = PBXFrameworksBuildPhase;
			buildActionMask = 2147483647;
			files = (
			);
			runOnlyForDeploymentPostprocessing = 0;
		};
/* End PBXFrameworksBuildPhase section */

/* Begin PBXGroup section */
		1E45B563286057D300286610 = {
			isa = PBXGroup;
			children = (
				1E45B56E286057D300286610 /* VisitorPatternInTableView */,
				1E45B56D286057D300286610 /* Products */,
			);
			sourceTree = "<group>";
		};
		1E45B56D286057D300286610 /* Products */ = {
			isa = PBXGroup;
			children = (
				1E45B56C286057D300286610 /* VisitorPatternInTableView.app */,
			);
			name = Products;
			sourceTree = "<group>";
		};
		1E45B56E286057D300286610 /* VisitorPatternInTableView */ = {
			isa = PBXGroup;
			children = (
				1E45B56F286057D300286610 /* AppDelegate.swift */,
				1E45B571286057D300286610 /* SceneDelegate.swift */,
				1E45B573286057D300286610 /* ViewController.swift */,
				1E45B58328605A6200286610 /* FeedVisitor.swift */,
				1E45B59B2860604C00286610 /* FeedCellVisitor.swift */,
				1E45B59D2860614100286610 /* FeedCellHeightVisitor.swift */,
				1E45B59F2860A32E00286610 /* FeedCellConfiguratorVisitor.swift */,
				1E45B58828605C1200286610 /* Cells */,
				1E45B575286057D300286610 /* Main.storyboard */,
				1E45B578286057D500286610 /* Assets.xcassets */,
				1E45B57A286057D500286610 /* LaunchScreen.storyboard */,
				1E45B57D286057D500286610 /* Info.plist */,
			);
			path = VisitorPatternInTableView;
			sourceTree = "<group>";
		};
		1E45B58528605ABD00286610 /* ViewObjects */ = {
			isa = PBXGroup;
			children = (
				1E45B59928605D3400286610 /* FeedViewObject.swift */,
				1E45B58628605C0D00286610 /* PlainTextFeedViewObject.swift */,
				1E45B59328605CEF00286610 /* MemoriesFeedViewObject.swift */,
				1E45B58D28605C4C00286610 /* MediaFeedViewObject.swift */,
			);
			path = ViewObjects;
			sourceTree = "<group>";
		};
		1E45B58828605C1200286610 /* Cells */ = {
			isa = PBXGroup;
			children = (
				1E45B58528605ABD00286610 /* ViewObjects */,
				1E45B59528605D0000286610 /* MemoriesFeedTableViewCell.swift */,
				1E45B58F28605C6000286610 /* MediaFeedTableViewCell.swift */,
				1E45B58928605C3200286610 /* PlainTextFeedTableViewCell.swift */,
			);
			path = Cells;
			sourceTree = "<group>";
		};
/* End PBXGroup section */

/* Begin PBXNativeTarget section */
		1E45B56B286057D300286610 /* VisitorPatternInTableView */ = {
			isa = PBXNativeTarget;
			buildConfigurationList = 1E45B580286057D500286610 /* Build configuration list for PBXNativeTarget "VisitorPatternInTableView" */;
			buildPhases = (
				1E45B568286057D300286610 /* Sources */,
				1E45B569286057D300286610 /* Frameworks */,
				1E45B56A286057D300286610 /* Resources */,
			);
			buildRules = (
			);
			dependencies = (
			);
			name = VisitorPatternInTableView;
			productName = VisitorPatternInTableView;
			productReference = 1E45B56C286057D300286610 /* VisitorPatternInTableView.app */;
			productType = "com.apple.product-type.application";
		};
/* End PBXNativeTarget section */

/* Begin PBXProject section */
		1E45B564286057D300286610 /* Project object */ = {
			isa = PBXProject;
			attributes = {
				BuildIndependentTargetsInParallel = 1;
				LastSwiftUpdateCheck = 1320;
				LastUpgradeCheck = 1320;
				TargetAttributes = {
					1E45B56B286057D300286610 = {
						CreatedOnToolsVersion = 13.2.1;
					};
				};
			};
			buildConfigurationList = 1E45B567286057D300286610 /* Build configuration list for PBXProject "VisitorPatternInTableView" */;
			compatibilityVersion = "Xcode 13.0";
			developmentRegion = en;
			hasScannedForEncodings = 0;
			knownRegions = (
				en,
				Base,
			);
			mainGroup = 1E45B563286057D300286610;
			productRefGroup = 1E45B56D286057D300286610 /* Products */;
			projectDirPath = "";
			projectRoot = "";
			targets = (
				1E45B56B286057D300286610 /* VisitorPatternInTableView */,
			);
		};
/* End PBXProject section */

/* Begin PBXResourcesBuildPhase section */
		1E45B56A286057D300286610 /* Resources */ = {
			isa = PBXResourcesBuildPhase;
			buildActionMask = 2147483647;
			files = (
				1E45B57C286057D500286610 /* LaunchScreen.storyboard in Resources */,
				1E45B579286057D500286610 /* Assets.xcassets in Resources */,
				1E45B577286057D300286610 /* Main.storyboard in Resources */,
			);
			runOnlyForDeploymentPostprocessing = 0;
		};
/* End PBXResourcesBuildPhase section */

/* Begin PBXSourcesBuildPhase section */
		1E45B568286057D300286610 /* Sources */ = {
			isa = PBXSourcesBuildPhase;
			buildActionMask = 2147483647;
			files = (
				1E45B58B28605C3200286610 /* PlainTextFeedTableViewCell.swift in Sources */,
				1E45B59A28605D3400286610 /* FeedViewObject.swift in Sources */,
				1E45B574286057D300286610 /* ViewController.swift in Sources */,
				1E45B58728605C0D00286610 /* PlainTextFeedViewObject.swift in Sources */,
				1E45B59E2860614100286610 /* FeedCellHeightVisitor.swift in Sources */,
				1E45B5A02860A32E00286610 /* FeedCellConfiguratorVisitor.swift in Sources */,
				1E45B570286057D300286610 /* AppDelegate.swift in Sources */,
				1E45B572286057D300286610 /* SceneDelegate.swift in Sources */,
				1E45B59428605CEF00286610 /* MemoriesFeedViewObject.swift in Sources */,
				1E45B58428605A6200286610 /* FeedVisitor.swift in Sources */,
				1E45B59C2860604C00286610 /* FeedCellVisitor.swift in Sources */,
				1E45B59128605C6000286610 /* MediaFeedTableViewCell.swift in Sources */,
				1E45B59728605D0000286610 /* MemoriesFeedTableViewCell.swift in Sources */,
				1E45B58E28605C4C00286610 /* MediaFeedViewObject.swift in Sources */,
			);
			runOnlyForDeploymentPostprocessing = 0;
		};
/* End PBXSourcesBuildPhase section */

/* Begin PBXVariantGroup section */
		1E45B575286057D300286610 /* Main.storyboard */ = {
			isa = PBXVariantGroup;
			children = (
				1E45B576286057D300286610 /* Base */,
			);
			name = Main.storyboard;
			sourceTree = "<group>";
		};
		1E45B57A286057D500286610 /* LaunchScreen.storyboard */ = {
			isa = PBXVariantGroup;
			children = (
				1E45B57B286057D500286610 /* Base */,
			);
			name = LaunchScreen.storyboard;
			sourceTree = "<group>";
		};
/* End PBXVariantGroup section */

/* Begin XCBuildConfiguration section */
		1E45B57E286057D500286610 /* Debug */ = {
			isa = XCBuildConfiguration;
			buildSettings = {
				ALWAYS_SEARCH_USER_PATHS = NO;
				CLANG_ANALYZER_NONNULL = YES;
				CLANG_ANALYZER_NUMBER_OBJECT_CONVERSION = YES_AGGRESSIVE;
				CLANG_CXX_LANGUAGE_STANDARD = "gnu++17";
				CLANG_CXX_LIBRARY = "libc++";
				CLANG_ENABLE_MODULES = YES;
				CLANG_ENABLE_OBJC_ARC = YES;
				CLANG_ENABLE_OBJC_WEAK = YES;
				CLANG_WARN_BLOCK_CAPTURE_AUTORELEASING = YES;
				CLANG_WARN_BOOL_CONVERSION = YES;
				CLANG_WARN_COMMA = YES;
				CLANG_WARN_CONSTANT_CONVERSION = YES;
				CLANG_WARN_DEPRECATED_OBJC_IMPLEMENTATIONS = YES;
				CLANG_WARN_DIRECT_OBJC_ISA_USAGE = YES_ERROR;
				CLANG_WARN_DOCUMENTATION_COMMENTS = YES;
				CLANG_WARN_EMPTY_BODY = YES;
				CLANG_WARN_ENUM_CONVERSION = YES;
				CLANG_WARN_INFINITE_RECURSION = YES;
				CLANG_WARN_INT_CONVERSION = YES;
				CLANG_WARN_NON_LITERAL_NULL_CONVERSION = YES;
				CLANG_WARN_OBJC_IMPLICIT_RETAIN_SELF = YES;
				CLANG_WARN_OBJC_LITERAL_CONVERSION = YES;
				CLANG_WARN_OBJC_ROOT_CLASS = YES_ERROR;
				CLANG_WARN_QUOTED_INCLUDE_IN_FRAMEWORK_HEADER = YES;
				CLANG_WARN_RANGE_LOOP_ANALYSIS = YES;
				CLANG_WARN_STRICT_PROTOTYPES = YES;
				CLANG_WARN_SUSPICIOUS_MOVE = YES;
				CLANG_WARN_UNGUARDED_AVAILABILITY = YES_AGGRESSIVE;
				CLANG_WARN_UNREACHABLE_CODE = YES;
				CLANG_WARN__DUPLICATE_METHOD_MATCH = YES;
				COPY_PHASE_STRIP = NO;
				DEBUG_INFORMATION_FORMAT = dwarf;
				ENABLE_STRICT_OBJC_MSGSEND = YES;
				ENABLE_TESTABILITY = YES;
				GCC_C_LANGUAGE_STANDARD = gnu11;
				GCC_DYNAMIC_NO_PIC = NO;
				GCC_NO_COMMON_BLOCKS = YES;
				GCC_OPTIMIZATION_LEVEL = 0;
				GCC_PREPROCESSOR_DEFINITIONS = (
					"DEBUG=1",
					"$(inherited)",
				);
				GCC_WARN_64_TO_32_BIT_CONVERSION = YES;
				GCC_WARN_ABOUT_RETURN_TYPE = YES_ERROR;
				GCC_WARN_UNDECLARED_SELECTOR = YES;
				GCC_WARN_UNINITIALIZED_AUTOS = YES_AGGRESSIVE;
				GCC_WARN_UNUSED_FUNCTION = YES;
				GCC_WARN_UNUSED_VARIABLE = YES;
				IPHONEOS_DEPLOYMENT_TARGET = 15.2;
				MTL_ENABLE_DEBUG_INFO = INCLUDE_SOURCE;
				MTL_FAST_MATH = YES;
				ONLY_ACTIVE_ARCH = YES;
				SDKROOT = iphoneos;
				SWIFT_ACTIVE_COMPILATION_CONDITIONS = DEBUG;
				SWIFT_OPTIMIZATION_LEVEL = "-Onone";
			};
			name = Debug;
		};
		1E45B57F286057D500286610 /* Release */ = {
			isa = XCBuildConfiguration;
			buildSettings = {
				ALWAYS_SEARCH_USER_PATHS = NO;
				CLANG_ANALYZER_NONNULL = YES;
				CLANG_ANALYZER_NUMBER_OBJECT_CONVERSION = YES_AGGRESSIVE;
				CLANG_CXX_LANGUAGE_STANDARD = "gnu++17";
				CLANG_CXX_LIBRARY = "libc++";
				CLANG_ENABLE_MODULES = YES;
				CLANG_ENABLE_OBJC_ARC = YES;
				CLANG_ENABLE_OBJC_WEAK = YES;
				CLANG_WARN_BLOCK_CAPTURE_AUTORELEASING = YES;
				CLANG_WARN_BOOL_CONVERSION = YES;
				CLANG_WARN_COMMA = YES;
				CLANG_WARN_CONSTANT_CONVERSION = YES;
				CLANG_WARN_DEPRECATED_OBJC_IMPLEMENTATIONS = YES;
				CLANG_WARN_DIRECT_OBJC_ISA_USAGE = YES_ERROR;
				CLANG_WARN_DOCUMENTATION_COMMENTS = YES;
				CLANG_WARN_EMPTY_BODY = YES;
				CLANG_WARN_ENUM_CONVERSION = YES;
				CLANG_WARN_INFINITE_RECURSION = YES;
				CLANG_WARN_INT_CONVERSION = YES;
				CLANG_WARN_NON_LITERAL_NULL_CONVERSION = YES;
				CLANG_WARN_OBJC_IMPLICIT_RETAIN_SELF = YES;
				CLANG_WARN_OBJC_LITERAL_CONVERSION = YES;
				CLANG_WARN_OBJC_ROOT_CLASS = YES_ERROR;
				CLANG_WARN_QUOTED_INCLUDE_IN_FRAMEWORK_HEADER = YES;
				CLANG_WARN_RANGE_LOOP_ANALYSIS = YES;
				CLANG_WARN_STRICT_PROTOTYPES = YES;
				CLANG_WARN_SUSPICIOUS_MOVE = YES;
				CLANG_WARN_UNGUARDED_AVAILABILITY = YES_AGGRESSIVE;
				CLANG_WARN_UNREACHABLE_CODE = YES;
				CLANG_WARN__DUPLICATE_METHOD_MATCH = YES;
				COPY_PHASE_STRIP = NO;
				DEBUG_INFORMATION_FORMAT = "dwarf-with-dsym";
				ENABLE_NS_ASSERTIONS = NO;
				ENABLE_STRICT_OBJC_MSGSEND = YES;
				GCC_C_LANGUAGE_STANDARD = gnu11;
				GCC_NO_COMMON_BLOCKS = YES;
				GCC_WARN_64_TO_32_BIT_CONVERSION = YES;
				GCC_WARN_ABOUT_RETURN_TYPE = YES_ERROR;
				GCC_WARN_UNDECLARED_SELECTOR = YES;
				GCC_WARN_UNINITIALIZED_AUTOS = YES_AGGRESSIVE;
				GCC_WARN_UNUSED_FUNCTION = YES;
				GCC_WARN_UNUSED_VARIABLE = YES;
				IPHONEOS_DEPLOYMENT_TARGET = 15.2;
				MTL_ENABLE_DEBUG_INFO = NO;
				MTL_FAST_MATH = YES;
				SDKROOT = iphoneos;
				SWIFT_COMPILATION_MODE = wholemodule;
				SWIFT_OPTIMIZATION_LEVEL = "-O";
				VALIDATE_PRODUCT = YES;
			};
			name = Release;
		};
		1E45B581286057D500286610 /* Debug */ = {
			isa = XCBuildConfiguration;
			buildSettings = {
				ASSETCATALOG_COMPILER_APPICON_NAME = AppIcon;
				ASSETCATALOG_COMPILER_GLOBAL_ACCENT_COLOR_NAME = AccentColor;
				CODE_SIGN_STYLE = Automatic;
				CURRENT_PROJECT_VERSION = 1;
				DEVELOPMENT_TEAM = 4U9BQ9X87W;
				GENERATE_INFOPLIST_FILE = YES;
				INFOPLIST_FILE = VisitorPatternInTableView/Info.plist;
				INFOPLIST_KEY_UIApplicationSupportsIndirectInputEvents = YES;
				INFOPLIST_KEY_UILaunchStoryboardName = LaunchScreen;
				INFOPLIST_KEY_UIMainStoryboardFile = Main;
				INFOPLIST_KEY_UISupportedInterfaceOrientations_iPad = "UIInterfaceOrientationPortrait UIInterfaceOrientationPortraitUpsideDown UIInterfaceOrientationLandscapeLeft UIInterfaceOrientationLandscapeRight";
				INFOPLIST_KEY_UISupportedInterfaceOrientations_iPhone = "UIInterfaceOrientationPortrait UIInterfaceOrientationLandscapeLeft UIInterfaceOrientationLandscapeRight";
				LD_RUNPATH_SEARCH_PATHS = (
					"$(inherited)",
					"@executable_path/Frameworks",
				);
				MARKETING_VERSION = 1.0;
				PRODUCT_BUNDLE_IDENTIFIER = li.zhgchg.VisitorPatternInTableView;
				PRODUCT_NAME = "$(TARGET_NAME)";
				SWIFT_EMIT_LOC_STRINGS = YES;
				SWIFT_VERSION = 5.0;
				TARGETED_DEVICE_FAMILY = "1,2";
			};
			name = Debug;
		};
		1E45B582286057D500286610 /* Release */ = {
			isa = XCBuildConfiguration;
			buildSettings = {
				ASSETCATALOG_COMPILER_APPICON_NAME = AppIcon;
				ASSETCATALOG_COMPILER_GLOBAL_ACCENT_COLOR_NAME = AccentColor;
				CODE_SIGN_STYLE = Automatic;
				CURRENT_PROJECT_VERSION = 1;
				DEVELOPMENT_TEAM = 4U9BQ9X87W;
				GENERATE_INFOPLIST_FILE = YES;
				INFOPLIST_FILE = VisitorPatternInTableView/Info.plist;
				INFOPLIST_KEY_UIApplicationSupportsIndirectInputEvents = YES;
				INFOPLIST_KEY_UILaunchStoryboardName = LaunchScreen;
				INFOPLIST_KEY_UIMainStoryboardFile = Main;
				INFOPLIST_KEY_UISupportedInterfaceOrientations_iPad = "UIInterfaceOrientationPortrait UIInterfaceOrientationPortraitUpsideDown UIInterfaceOrientationLandscapeLeft UIInterfaceOrientationLandscapeRight";
				INFOPLIST_KEY_UISupportedInterfaceOrientations_iPhone = "UIInterfaceOrientationPortrait UIInterfaceOrientationLandscapeLeft UIInterfaceOrientationLandscapeRight";
				LD_RUNPATH_SEARCH_PATHS = (
					"$(inherited)",
					"@executable_path/Frameworks",
				);
				MARKETING_VERSION = 1.0;
				PRODUCT_BUNDLE_IDENTIFIER = li.zhgchg.VisitorPatternInTableView;
				PRODUCT_NAME = "$(TARGET_NAME)";
				SWIFT_EMIT_LOC_STRINGS = YES;
				SWIFT_VERSION = 5.0;
				TARGETED_DEVICE_FAMILY = "1,2";
			};
			name = Release;
		};
/* End XCBuildConfiguration section */

/* Begin XCConfigurationList section */
		1E45B567286057D300286610 /* Build configuration list for PBXProject "VisitorPatternInTableView" */ = {
			isa = XCConfigurationList;
			buildConfigurations = (
				1E45B57E286057D500286610 /* Debug */,
				1E45B57F286057D500286610 /* Release */,
			);
			defaultConfigurationIsVisible = 0;
			defaultConfigurationName = Release;
		};
		1E45B580286057D500286610 /* Build configuration list for PBXNativeTarget "VisitorPatternInTableView" */ = {
			isa = XCConfigurationList;
			buildConfigurations = (
				1E45B581286057D500286610 /* Debug */,
				1E45B582286057D500286610 /* Release */,
			);
			defaultConfigurationIsVisible = 0;
			defaultConfigurationName = Release;
		};
/* End XCConfigurationList section */
	};
	rootObject = 1E45B564286057D300286610 /* Project object */;
}
